
Microsoft Visual Studio Solution File, Format Version 12.00
# Visual Studio Version 17
VisualStudioVersion = 17.9.34714.143
MinimumVisualStudioVersion = 10.0.40219.1
Project("{FAE04EC0-301F-11D3-BF4B-00C04F79EFBC}") = "NeverSerender", "NeverSerender\NeverSerender.csproj", "{E644BAD6-F1E9-4ADE-A006-CAA0ABA78123}"
EndProject
Project("{2150E333-8FDC-42A3-9474-1A3956D46DE8}") = "Solution Items", "Solution Items", "{51D21C35-7ECF-493B-A2A0-A3C823D9F8D3}"
	ProjectSection(SolutionItems) = preProject
		.gitignore = .gitignore
		README.md = README.md
	EndProjectSection
EndProject
Global
	GlobalSection(SolutionConfigurationPlatforms) = preSolution
		Debug|Any CPU = Debug|Any CPU
		Release|Any CPU = Release|Any CPU
	EndGlobalSection
	GlobalSection(ProjectConfigurationPlatforms) = postSolution
		{E644BAD6-F1E9-4ADE-A006-CAA0ABA78123}.Debug|Any CPU.ActiveCfg = Debug|Any CPU
		{E644BAD6-F1E9-4ADE-A006-CAA0ABA78123}.Debug|Any CPU.Build.0 = Debug|Any CPU
		{E644BAD6-F1E9-4ADE-A006-CAA0ABA78123}.Debug|Any CPU.Deploy.0 = Debug|Any CPU
		{E644BAD6-F1E9-4ADE-A006-CAA0ABA78123}.Release|Any CPU.ActiveCfg = Release|Any CPU
		{E644BAD6-F1E9-4ADE-A006-CAA0ABA78123}.Release|Any CPU.Build.0 = Release|Any CPU
		{E644BAD6-F1E9-4ADE-A006-CAA0ABA78123}.Release|Any CPU.Deploy.0 = Release|Any CPU
	EndGlobalSection
	GlobalSection(SolutionProperties) = preSolution
		HideSolutionNode = FALSE
	EndGlobalSection
	GlobalSection(ExtensibilityGlobals) = postSolution
		SolutionGuid = {76903E08-3ECC-4E17-A8CB-7749F10D5F20}
	EndGlobalSection
EndGlobal
